
Microsoft Visual Studio Solution File, Format Version 12.00
# Visual Studio 15
VisualStudioVersion = 15.0.27703.2047
MinimumVisualStudioVersion = 10.0.40219.1
Project("{FAE04EC0-301F-11D3-BF4B-00C04F79EFBC}") = "VicLyfe", "VicLyfe\VicLyfe.csproj", "{C70C420D-0E45-461A-B84B-231ED90E4650}"
EndProject
Global
	GlobalSection(SolutionConfigurationPlatforms) = preSolution
		Debug|Any CPU = Debug|Any CPU
		Release|Any CPU = Release|Any CPU
	EndGlobalSection
	GlobalSection(ProjectConfigurationPlatforms) = postSolution
		{C70C420D-0E45-461A-B84B-231ED90E4650}.Debug|Any CPU.ActiveCfg = Debug|Any CPU
		{C70C420D-0E45-461A-B84B-231ED90E4650}.Debug|Any CPU.Build.0 = Debug|Any CPU
		{C70C420D-0E45-461A-B84B-231ED90E4650}.Release|Any CPU.ActiveCfg = Release|Any CPU
		{C70C420D-0E45-461A-B84B-231ED90E4650}.Release|Any CPU.Build.0 = Release|Any CPU
	EndGlobalSection
	GlobalSection(SolutionProperties) = preSolution
		HideSolutionNode = FALSE
	EndGlobalSection
	GlobalSection(ExtensibilityGlobals) = postSolution
		SolutionGuid = {885823F7-EDC7-4133-874B-021A237D68D4}
	EndGlobalSection
EndGlobal
